
Microsoft Visual Studio Solution File, Format Version 12.00
# Visual Studio 2015
Project("{FAE04EC0-301F-11D3-BF4B-00C04F79EFBC}") = "Labyrinth-Zenject.CSharp", "Labyrinth-Zenject.CSharp.csproj", "{2554FB6B-1F8E-A53D-0A57-CAB8AF29B227}"
EndProject
Project("{FAE04EC0-301F-11D3-BF4B-00C04F79EFBC}") = "Labyrinth-Zenject.CSharp.Editor", "Labyrinth-Zenject.CSharp.Editor.csproj", "{3A35BFA5-EB08-541E-8D49-756AF8416A7D}"
EndProject
Global
	GlobalSection(SolutionConfigurationPlatforms) = preSolution
		Debug|Any CPU = Debug|Any CPU
		Release|Any CPU = Release|Any CPU
	EndGlobalSection
	GlobalSection(ProjectConfigurationPlatforms) = postSolution
		{2554FB6B-1F8E-A53D-0A57-CAB8AF29B227}.Debug|Any CPU.ActiveCfg = Debug|Any CPU
		{2554FB6B-1F8E-A53D-0A57-CAB8AF29B227}.Debug|Any CPU.Build.0 = Debug|Any CPU
		{2554FB6B-1F8E-A53D-0A57-CAB8AF29B227}.Release|Any CPU.ActiveCfg = Release|Any CPU
		{2554FB6B-1F8E-A53D-0A57-CAB8AF29B227}.Release|Any CPU.Build.0 = Release|Any CPU
		{3A35BFA5-EB08-541E-8D49-756AF8416A7D}.Debug|Any CPU.ActiveCfg = Debug|Any CPU
		{3A35BFA5-EB08-541E-8D49-756AF8416A7D}.Debug|Any CPU.Build.0 = Debug|Any CPU
		{3A35BFA5-EB08-541E-8D49-756AF8416A7D}.Release|Any CPU.ActiveCfg = Release|Any CPU
		{3A35BFA5-EB08-541E-8D49-756AF8416A7D}.Release|Any CPU.Build.0 = Release|Any CPU
	EndGlobalSection
	GlobalSection(SolutionProperties) = preSolution
		HideSolutionNode = FALSE
	EndGlobalSection
EndGlobal
